
Microsoft Visual Studio Solution File, Format Version 12.00
# Visual Studio Version 16
VisualStudioVersion = 16.0.29519.87
MinimumVisualStudioVersion = 10.0.40219.1
Project("{9A19103F-16F7-4668-BE54-9A1E7A4F7556}") = "IdentityByExamples", "IdentityByExamples\IdentityByExamples.csproj", "{166DD728-A468-4863-9522-AEA30C752780}"
EndProject
Project("{9A19103F-16F7-4668-BE54-9A1E7A4F7556}") = "EmailService", "EmailService\EmailService.csproj", "{61A341D8-4CA0-4C8D-8EF3-F654A6275E4A}"
EndProject
Project("{FAE04EC0-301F-11D3-BF4B-00C04F79EFBC}") = "ConsoleApp1", "ConsoleApp1\ConsoleApp1.csproj", "{0DA3C7E5-21CB-412C-B468-E6DE3DAF6D76}"
EndProject
Global
	GlobalSection(SolutionConfigurationPlatforms) = preSolution
		Debug|Any CPU = Debug|Any CPU
		Release|Any CPU = Release|Any CPU
	EndGlobalSection
	GlobalSection(ProjectConfigurationPlatforms) = postSolution
		{166DD728-A468-4863-9522-AEA30C752780}.Debug|Any CPU.ActiveCfg = Debug|Any CPU
		{166DD728-A468-4863-9522-AEA30C752780}.Debug|Any CPU.Build.0 = Debug|Any CPU
		{166DD728-A468-4863-9522-AEA30C752780}.Release|Any CPU.ActiveCfg = Release|Any CPU
		{166DD728-A468-4863-9522-AEA30C752780}.Release|Any CPU.Build.0 = Release|Any CPU
		{61A341D8-4CA0-4C8D-8EF3-F654A6275E4A}.Debug|Any CPU.ActiveCfg = Debug|Any CPU
		{61A341D8-4CA0-4C8D-8EF3-F654A6275E4A}.Debug|Any CPU.Build.0 = Debug|Any CPU
		{61A341D8-4CA0-4C8D-8EF3-F654A6275E4A}.Release|Any CPU.ActiveCfg = Release|Any CPU
		{61A341D8-4CA0-4C8D-8EF3-F654A6275E4A}.Release|Any CPU.Build.0 = Release|Any CPU
		{0DA3C7E5-21CB-412C-B468-E6DE3DAF6D76}.Debug|Any CPU.ActiveCfg = Debug|Any CPU
		{0DA3C7E5-21CB-412C-B468-E6DE3DAF6D76}.Debug|Any CPU.Build.0 = Debug|Any CPU
		{0DA3C7E5-21CB-412C-B468-E6DE3DAF6D76}.Release|Any CPU.ActiveCfg = Release|Any CPU
		{0DA3C7E5-21CB-412C-B468-E6DE3DAF6D76}.Release|Any CPU.Build.0 = Release|Any CPU
	EndGlobalSection
	GlobalSection(SolutionProperties) = preSolution
		HideSolutionNode = FALSE
	EndGlobalSection
	GlobalSection(ExtensibilityGlobals) = postSolution
		SolutionGuid = {30FE64B3-BC4B-4243-AACA-C30C064BC7D9}
	EndGlobalSection
EndGlobal
